{
  "name": "Testes",
  "lockfileVersion": 3,
  "requires": true,
  "packages": {
    "": {
      "dependencies": {
        "quasar": "^2.18.6"
      }
    },
    "node_modules/quasar": {
      "version": "2.18.6",
      "resolved": "https://registry.npmjs.org/quasar/-/quasar-2.18.6.tgz",
      "integrity": "sha512-ZlK+vJXOBPSFDCNQDBDNwSI+AHoqaFPxK8ve6mhsYLhMKWI5b8zsGY9VU1xYjngO2aBvU4fvGWXy4tTbzrBk8Q==",
      "license": "MIT",
      "engines": {
        "node": ">= 10.18.1",
        "npm": ">= 6.13.4",
        "yarn": ">= 1.21.1"
      },
      "funding": {
        "type": "github",
        "url": "https://donate.quasar.dev"
      }
    }
  }
}
